
Microsoft Visual Studio Solution File, Format Version 12.00
# Visual Studio 15
VisualStudioVersion = 15.0.28010.2003
MinimumVisualStudioVersion = 10.0.40219.1
Project("{888888A0-9F3D-457C-B088-3A5042F75D52}") = "Assingment 6", "Assingment 6\Assingment 6.pyproj", "{2D636CA0-FC31-4B6B-95F9-7C196E28DA9C}"
EndProject
Global
	GlobalSection(SolutionConfigurationPlatforms) = preSolution
		Debug|Any CPU = Debug|Any CPU
		Release|Any CPU = Release|Any CPU
	EndGlobalSection
	GlobalSection(ProjectConfigurationPlatforms) = postSolution
		{2D636CA0-FC31-4B6B-95F9-7C196E28DA9C}.Debug|Any CPU.ActiveCfg = Debug|Any CPU
		{2D636CA0-FC31-4B6B-95F9-7C196E28DA9C}.Release|Any CPU.ActiveCfg = Release|Any CPU
	EndGlobalSection
	GlobalSection(SolutionProperties) = preSolution
		HideSolutionNode = FALSE
	EndGlobalSection
	GlobalSection(ExtensibilityGlobals) = postSolution
		SolutionGuid = {8D6E1860-15DF-4660-AA77-574953648965}
	EndGlobalSection
EndGlobal
